Microsoft Visual Studio Solution File, Format Version 12.00
# Visual Studio Version 17
VisualStudioVersion = 17.4.33213.308
MinimumVisualStudioVersion = 10.0.40219.1
Project("{9A19103F-16F7-4668-BE54-9A1E7A4F7556}") = "TychoConsole.Program", "TychoConsole.Program\TychoConsole.Program.csproj", "{78E3052B-2087-46D8-B8BB-AEBCE4FBE82E}"
EndProject
Project("{2150E333-8FDC-42A3-9474-1A3956D46DE8}") = "Modules", "Modules", "{011B9EF4-ED25-4156-B150-0000A60592DD}"
EndProject
Project("{9A19103F-16F7-4668-BE54-9A1E7A4F7556}") = "TychoConsole.App", "TychoConsole.App\TychoConsole.App.csproj", "{C5BC8D3C-4B71-4F84-B10B-D06FD1888475}"
EndProject
Project("{9A19103F-16F7-4668-BE54-9A1E7A4F7556}") = "TychoConsole.Catalog", "TychoConsole.Catalog\TychoConsole.Catalog.csproj", "{FDA42643-3402-4B13-9E9B-C16062CE2144}"
EndProject
Project("{9A19103F-16F7-4668-BE54-9A1E7A4F7556}") = "TychoConsole.Inventory", "TychoConsole.Inventory\TychoConsole.Inventory.csproj", "{70DDBBAF-FFAD-494E-8486-4BBC3A3172E8}"
EndProject
Project("{9A19103F-16F7-4668-BE54-9A1E7A4F7556}") = "TychoConsole.Pricing", "TychoConsole.Pricing\TychoConsole.Pricing.csproj", "{113F5E6F-9783-420F-B04E-5512546D0651}"
EndProject
Global
	GlobalSection(SolutionConfigurationPlatforms) = preSolution
		Debug|Any CPU = Debug|Any CPU
		Release|Any CPU = Release|Any CPU
	EndGlobalSection
	GlobalSection(ProjectConfigurationPlatforms) = postSolution
		{78E3052B-2087-46D8-B8BB-AEBCE4FBE82E}.Debug|Any CPU.ActiveCfg = Debug|Any CPU
		{78E3052B-2087-46D8-B8BB-AEBCE4FBE82E}.Debug|Any CPU.Build.0 = Debug|Any CPU
		{78E3052B-2087-46D8-B8BB-AEBCE4FBE82E}.Release|Any CPU.ActiveCfg = Release|Any CPU
		{78E3052B-2087-46D8-B8BB-AEBCE4FBE82E}.Release|Any CPU.Build.0 = Release|Any CPU
		{C5BC8D3C-4B71-4F84-B10B-D06FD1888475}.Debug|Any CPU.ActiveCfg = Debug|Any CPU
		{C5BC8D3C-4B71-4F84-B10B-D06FD1888475}.Debug|Any CPU.Build.0 = Debug|Any CPU
		{C5BC8D3C-4B71-4F84-B10B-D06FD1888475}.Release|Any CPU.ActiveCfg = Release|Any CPU
		{C5BC8D3C-4B71-4F84-B10B-D06FD1888475}.Release|Any CPU.Build.0 = Release|Any CPU
		{FDA42643-3402-4B13-9E9B-C16062CE2144}.Debug|Any CPU.ActiveCfg = Debug|Any CPU
		{FDA42643-3402-4B13-9E9B-C16062CE2144}.Debug|Any CPU.Build.0 = Debug|Any CPU
		{FDA42643-3402-4B13-9E9B-C16062CE2144}.Release|Any CPU.ActiveCfg = Release|Any CPU
		{FDA42643-3402-4B13-9E9B-C16062CE2144}.Release|Any CPU.Build.0 = Release|Any CPU
		{70DDBBAF-FFAD-494E-8486-4BBC3A3172E8}.Debug|Any CPU.ActiveCfg = Debug|Any CPU
		{70DDBBAF-FFAD-494E-8486-4BBC3A3172E8}.Debug|Any CPU.Build.0 = Debug|Any CPU
		{70DDBBAF-FFAD-494E-8486-4BBC3A3172E8}.Release|Any CPU.ActiveCfg = Release|Any CPU
		{70DDBBAF-FFAD-494E-8486-4BBC3A3172E8}.Release|Any CPU.Build.0 = Release|Any CPU
		{113F5E6F-9783-420F-B04E-5512546D0651}.Debug|Any CPU.ActiveCfg = Debug|Any CPU
		{113F5E6F-9783-420F-B04E-5512546D0651}.Debug|Any CPU.Build.0 = Debug|Any CPU
		{113F5E6F-9783-420F-B04E-5512546D0651}.Release|Any CPU.ActiveCfg = Release|Any CPU
		{113F5E6F-9783-420F-B04E-5512546D0651}.Release|Any CPU.Build.0 = Release|Any CPU
	EndGlobalSection
	GlobalSection(SolutionProperties) = preSolution
		HideSolutionNode = FALSE
	EndGlobalSection
	GlobalSection(NestedProjects) = preSolution
		{FDA42643-3402-4B13-9E9B-C16062CE2144} = {011B9EF4-ED25-4156-B150-0000A60592DD}
		{70DDBBAF-FFAD-494E-8486-4BBC3A3172E8} = {011B9EF4-ED25-4156-B150-0000A60592DD}
		{113F5E6F-9783-420F-B04E-5512546D0651} = {011B9EF4-ED25-4156-B150-0000A60592DD}
	EndGlobalSection
	GlobalSection(ExtensibilityGlobals) = postSolution
		SolutionGuid = {A5929082-23A0-4767-943A-D70C934B37CC}
	EndGlobalSection
EndGlobal
